// !$*UTF8*$!
{
	archiveVersion = 1;
	classes = {
	};
	objectVersion = 55;
	objects = {

/* Begin PBXBuildFile section */
		361885C3281069DD007F92DF /* NetworkModel.swift in Sources */ = {isa = PBXBuildFile; fileRef = 361885C2281069DD007F92DF /* NetworkModel.swift */; };
		361885C42812413C007F92DF /* NetworkModel.swift in Sources */ = {isa = PBXBuildFile; fileRef = 361885C2281069DD007F92DF /* NetworkModel.swift */; };
		361885C62813A165007F92DF /* DestinationCard.swift in Sources */ = {isa = PBXBuildFile; fileRef = 361885C52813A165007F92DF /* DestinationCard.swift */; };
		361885C8281427E8007F92DF /* DateExtensions.swift in Sources */ = {isa = PBXBuildFile; fileRef = 361885C7281427E8007F92DF /* DateExtensions.swift */; };
		36F29F01280C08A3001AE598 /* DestinationsTaskApp.swift in Sources */ = {isa = PBXBuildFile; fileRef = 36F29F00280C08A3001AE598 /* DestinationsTaskApp.swift */; };
		36F29F03280C08A3001AE598 /* DestinationsScreen.swift in Sources */ = {isa = PBXBuildFile; fileRef = 36F29F02280C08A3001AE598 /* DestinationsScreen.swift */; };
		36F29F05280C08A4001AE598 /* Assets.xcassets in Resources */ = {isa = PBXBuildFile; fileRef = 36F29F04280C08A4001AE598 /* Assets.xcassets */; };
		36F29F08280C08A4001AE598 /* Preview Assets.xcassets in Resources */ = {isa = PBXBuildFile; fileRef = 36F29F07280C08A4001AE598 /* Preview Assets.xcassets */; };
		36F29F12280C08A4001AE598 /* DestinationsTaskTests.swift in Sources */ = {isa = PBXBuildFile; fileRef = 36F29F11280C08A4001AE598 /* DestinationsTaskTests.swift */; };
		36F29F2D280C08F1001AE598 /* flights.json in Resources */ = {isa = PBXBuildFile; fileRef = 36F29F2C280C08F1001AE598 /* flights.json */; };
		36F29F2F280C0900001AE598 /* KiwiSearch.swift in Sources */ = {isa = PBXBuildFile; fileRef = 36F29F2E280C0900001AE598 /* KiwiSearch.swift */; };
		36F29F30280C0900001AE598 /* KiwiSearch.swift in Sources */ = {isa = PBXBuildFile; fileRef = 36F29F2E280C0900001AE598 /* KiwiSearch.swift */; };
/* End PBXBuildFile section */

/* Begin PBXContainerItemProxy section */
		36F29F0E280C08A4001AE598 /* PBXContainerItemProxy */ = {
			isa = PBXContainerItemProxy;
			containerPortal = 36F29EF5280C08A3001AE598 /* Project object */;
			proxyType = 1;
			remoteGlobalIDString = 36F29EFC280C08A3001AE598;
			remoteInfo = DestinationsTask;
		};
/* End PBXContainerItemProxy section */

/* Begin PBXFileReference section */
		361885C2281069DD007F92DF /* NetworkModel.swift */ = {isa = PBXFileReference; lastKnownFileType = sourcecode.swift; path = NetworkModel.swift; sourceTree = "<group>"; };
		361885C52813A165007F92DF /* DestinationCard.swift */ = {isa = PBXFileReference; lastKnownFileType = sourcecode.swift; path = DestinationCard.swift; sourceTree = "<group>"; };
		361885C7281427E8007F92DF /* DateExtensions.swift */ = {isa = PBXFileReference; lastKnownFileType = sourcecode.swift; path = DateExtensions.swift; sourceTree = "<group>"; };
		36F29EFD280C08A3001AE598 /* DestinationsTask.app */ = {isa = PBXFileReference; explicitFileType = wrapper.application; includeInIndex = 0; path = DestinationsTask.app; sourceTree = BUILT_PRODUCTS_DIR; };
		36F29F00280C08A3001AE598 /* DestinationsTaskApp.swift */ = {isa = PBXFileReference; lastKnownFileType = sourcecode.swift; path = DestinationsTaskApp.swift; sourceTree = "<group>"; };
		36F29F02280C08A3001AE598 /* DestinationsScreen.swift */ = {isa = PBXFileReference; lastKnownFileType = sourcecode.swift; path = DestinationsScreen.swift; sourceTree = "<group>"; };
		36F29F04280C08A4001AE598 /* Assets.xcassets */ = {isa = PBXFileReference; lastKnownFileType = folder.assetcatalog; path = Assets.xcassets; sourceTree = "<group>"; };
		36F29F07280C08A4001AE598 /* Preview Assets.xcassets */ = {isa = PBXFileReference; lastKnownFileType = folder.assetcatalog; path = "Preview Assets.xcassets"; sourceTree = "<group>"; };
		36F29F0D280C08A4001AE598 /* DestinationsTaskTests.xctest */ = {isa = PBXFileReference; explicitFileType = wrapper.cfbundle; includeInIndex = 0; path = DestinationsTaskTests.xctest; sourceTree = BUILT_PRODUCTS_DIR; };
		36F29F11280C08A4001AE598 /* DestinationsTaskTests.swift */ = {isa = PBXFileReference; lastKnownFileType = sourcecode.swift; path = DestinationsTaskTests.swift; sourceTree = "<group>"; };
		36F29F2C280C08F1001AE598 /* flights.json */ = {isa = PBXFileReference; fileEncoding = 4; lastKnownFileType = text.json; path = flights.json; sourceTree = "<group>"; };
		36F29F2E280C0900001AE598 /* KiwiSearch.swift */ = {isa = PBXFileReference; fileEncoding = 4; lastKnownFileType = sourcecode.swift; path = KiwiSearch.swift; sourceTree = "<group>"; };
/* End PBXFileReference section */

/* Begin PBXFrameworksBuildPhase section */
		36F29EFA280C08A3001AE598 /* Frameworks */ = {
			isa = PBXFrameworksBuildPhase;
			buildActionMask = 2147483647;
			files = (
			);
			runOnlyForDeploymentPostprocessing = 0;
		};
		36F29F0A280C08A4001AE598 /* Frameworks */ = {
			isa = PBXFrameworksBuildPhase;
			buildActionMask = 2147483647;
			files = (
			);
			runOnlyForDeploymentPostprocessing = 0;
		};
/* End PBXFrameworksBuildPhase section */

/* Begin PBXGroup section */
		36F29EF4280C08A3001AE598 = {
			isa = PBXGroup;
			children = (
				36F29EFF280C08A3001AE598 /* DestinationsTask */,
				36F29F10280C08A4001AE598 /* DestinationsTaskTests */,
				36F29EFE280C08A3001AE598 /* Products */,
			);
			sourceTree = "<group>";
		};
		36F29EFE280C08A3001AE598 /* Products */ = {
			isa = PBXGroup;
			children = (
				36F29EFD280C08A3001AE598 /* DestinationsTask.app */,
				36F29F0D280C08A4001AE598 /* DestinationsTaskTests.xctest */,
			);
			name = Products;
			sourceTree = "<group>";
		};
		36F29EFF280C08A3001AE598 /* DestinationsTask */ = {
			isa = PBXGroup;
			children = (
				36F29F00280C08A3001AE598 /* DestinationsTaskApp.swift */,
				36F29F02280C08A3001AE598 /* DestinationsScreen.swift */,
				361885C52813A165007F92DF /* DestinationCard.swift */,
				36F29F2E280C0900001AE598 /* KiwiSearch.swift */,
				361885C2281069DD007F92DF /* NetworkModel.swift */,
				361885C7281427E8007F92DF /* DateExtensions.swift */,
				36F29F04280C08A4001AE598 /* Assets.xcassets */,
				36F29F06280C08A4001AE598 /* Preview Content */,
			);
			path = DestinationsTask;
			sourceTree = "<group>";
		};
		36F29F06280C08A4001AE598 /* Preview Content */ = {
			isa = PBXGroup;
			children = (
				36F29F07280C08A4001AE598 /* Preview Assets.xcassets */,
			);
			path = "Preview Content";
			sourceTree = "<group>";
		};
		36F29F10280C08A4001AE598 /* DestinationsTaskTests */ = {
			isa = PBXGroup;
			children = (
				36F29F2C280C08F1001AE598 /* flights.json */,
				36F29F11280C08A4001AE598 /* DestinationsTaskTests.swift */,
			);
			path = DestinationsTaskTests;
			sourceTree = "<group>";
		};
/* End PBXGroup section */

/* Begin PBXNativeTarget section */
		36F29EFC280C08A3001AE598 /* DestinationsTask */ = {
			isa = PBXNativeTarget;
			buildConfigurationList = 36F29F21280C08A4001AE598 /* Build configuration list for PBXNativeTarget "DestinationsTask" */;
			buildPhases = (
				36F29EF9280C08A3001AE598 /* Sources */,
				36F29EFA280C08A3001AE598 /* Frameworks */,
				36F29EFB280C08A3001AE598 /* Resources */,
			);
			buildRules = (
			);
			dependencies = (
			);
			name = DestinationsTask;
			productName = DestinationsTask;
			productReference = 36F29EFD280C08A3001AE598 /* DestinationsTask.app */;
			productType = "com.apple.product-type.application";
		};
		36F29F0C280C08A4001AE598 /* DestinationsTaskTests */ = {
			isa = PBXNativeTarget;
			buildConfigurationList = 36F29F24280C08A4001AE598 /* Build configuration list for PBXNativeTarget "DestinationsTaskTests" */;
			buildPhases = (
				36F29F09280C08A4001AE598 /* Sources */,
				36F29F0A280C08A4001AE598 /* Frameworks */,
				36F29F0B280C08A4001AE598 /* Resources */,
			);
			buildRules = (
			);
			dependencies = (
				36F29F0F280C08A4001AE598 /* PBXTargetDependency */,
			);
			name = DestinationsTaskTests;
			productName = DestinationsTaskTests;
			productReference = 36F29F0D280C08A4001AE598 /* DestinationsTaskTests.xctest */;
			productType = "com.apple.product-type.bundle.unit-test";
		};
/* End PBXNativeTarget section */

/* Begin PBXProject section */
		36F29EF5280C08A3001AE598 /* Project object */ = {
			isa = PBXProject;
			attributes = {
				BuildIndependentTargetsInParallel = 1;
				LastSwiftUpdateCheck = 1330;
				LastUpgradeCheck = 1330;
				TargetAttributes = {
					36F29EFC280C08A3001AE598 = {
						CreatedOnToolsVersion = 13.3;
					};
					36F29F0C280C08A4001AE598 = {
						CreatedOnToolsVersion = 13.3;
						TestTargetID = 36F29EFC280C08A3001AE598;
					};
				};
			};
			buildConfigurationList = 36F29EF8280C08A3001AE598 /* Build configuration list for PBXProject "DestinationsTask" */;
			compatibilityVersion = "Xcode 13.0";
			developmentRegion = en;
			hasScannedForEncodings = 0;
			knownRegions = (
				en,
				Base,
			);
			mainGroup = 36F29EF4280C08A3001AE598;
			productRefGroup = 36F29EFE280C08A3001AE598 /* Products */;
			projectDirPath = "";
			projectRoot = "";
			targets = (
				36F29EFC280C08A3001AE598 /* DestinationsTask */,
				36F29F0C280C08A4001AE598 /* DestinationsTaskTests */,
			);
		};
/* End PBXProject section */

/* Begin PBXResourcesBuildPhase section */
		36F29EFB280C08A3001AE598 /* Resources */ = {
			isa = PBXResourcesBuildPhase;
			buildActionMask = 2147483647;
			files = (
				36F29F08280C08A4001AE598 /* Preview Assets.xcassets in Resources */,
				36F29F05280C08A4001AE598 /* Assets.xcassets in Resources */,
			);
			runOnlyForDeploymentPostprocessing = 0;
		};
		36F29F0B280C08A4001AE598 /* Resources */ = {
			isa = PBXResourcesBuildPhase;
			buildActionMask = 2147483647;
			files = (
				36F29F2D280C08F1001AE598 /* flights.json in Resources */,
			);
			runOnlyForDeploymentPostprocessing = 0;
		};
/* End PBXResourcesBuildPhase section */

/* Begin PBXSourcesBuildPhase section */
		36F29EF9280C08A3001AE598 /* Sources */ = {
			isa = PBXSourcesBuildPhase;
			buildActionMask = 2147483647;
			files = (
				361885C62813A165007F92DF /* DestinationCard.swift in Sources */,
				361885C3281069DD007F92DF /* NetworkModel.swift in Sources */,
				36F29F03280C08A3001AE598 /* DestinationsScreen.swift in Sources */,
				36F29F01280C08A3001AE598 /* DestinationsTaskApp.swift in Sources */,
				36F29F2F280C0900001AE598 /* KiwiSearch.swift in Sources */,
				361885C8281427E8007F92DF /* DateExtensions.swift in Sources */,
			);
			runOnlyForDeploymentPostprocessing = 0;
		};
		36F29F09280C08A4001AE598 /* Sources */ = {
			isa = PBXSourcesBuildPhase;
			buildActionMask = 2147483647;
			files = (
				361885C42812413C007F92DF /* NetworkModel.swift in Sources */,
				36F29F12280C08A4001AE598 /* DestinationsTaskTests.swift in Sources */,
				36F29F30280C0900001AE598 /* KiwiSearch.swift in Sources */,
			);
			runOnlyForDeploymentPostprocessing = 0;
		};
/* End PBXSourcesBuildPhase section */

/* Begin PBXTargetDependency section */
		36F29F0F280C08A4001AE598 /* PBXTargetDependency */ = {
			isa = PBXTargetDependency;
			target = 36F29EFC280C08A3001AE598 /* DestinationsTask */;
			targetProxy = 36F29F0E280C08A4001AE598 /* PBXContainerItemProxy */;
		};
/* End PBXTargetDependency section */

/* Begin XCBuildConfiguration section */
		36F29F1F280C08A4001AE598 /* Debug */ = {
			isa = XCBuildConfiguration;
			buildSettings = {
				ALWAYS_SEARCH_USER_PATHS = NO;
				CLANG_ANALYZER_NONNULL = YES;
				CLANG_ANALYZER_NUMBER_OBJECT_CONVERSION = YES_AGGRESSIVE;
				CLANG_CXX_LANGUAGE_STANDARD = "gnu++17";
				CLANG_ENABLE_MODULES = YES;
				CLANG_ENABLE_OBJC_ARC = YES;
				CLANG_ENABLE_OBJC_WEAK = YES;
				CLANG_WARN_BLOCK_CAPTURE_AUTORELEASING = YES;
				CLANG_WARN_BOOL_CONVERSION = YES;
				CLANG_WARN_COMMA = YES;
				CLANG_WARN_CONSTANT_CONVERSION = YES;
				CLANG_WARN_DEPRECATED_OBJC_IMPLEMENTATIONS = YES;
				CLANG_WARN_DIRECT_OBJC_ISA_USAGE = YES_ERROR;
				CLANG_WARN_DOCUMENTATION_COMMENTS = YES;
				CLANG_WARN_EMPTY_BODY = YES;
				CLANG_WARN_ENUM_CONVERSION = YES;
				CLANG_WARN_INFINITE_RECURSION = YES;
				CLANG_WARN_INT_CONVERSION = YES;
				CLANG_WARN_NON_LITERAL_NULL_CONVERSION = YES;
				CLANG_WARN_OBJC_IMPLICIT_RETAIN_SELF = YES;
				CLANG_WARN_OBJC_LITERAL_CONVERSION = YES;
				CLANG_WARN_OBJC_ROOT_CLASS = YES_ERROR;
				CLANG_WARN_QUOTED_INCLUDE_IN_FRAMEWORK_HEADER = YES;
				CLANG_WARN_RANGE_LOOP_ANALYSIS = YES;
				CLANG_WARN_STRICT_PROTOTYPES = YES;
				CLANG_WARN_SUSPICIOUS_MOVE = YES;
				CLANG_WARN_UNGUARDED_AVAILABILITY = YES_AGGRESSIVE;
				CLANG_WARN_UNREACHABLE_CODE = YES;
				CLANG_WARN__DUPLICATE_METHOD_MATCH = YES;
				COPY_PHASE_STRIP = NO;
				DEBUG_INFORMATION_FORMAT = dwarf;
				ENABLE_STRICT_OBJC_MSGSEND = YES;
				ENABLE_TESTABILITY = YES;
				GCC_C_LANGUAGE_STANDARD = gnu11;
				GCC_DYNAMIC_NO_PIC = NO;
				GCC_NO_COMMON_BLOCKS = YES;
				GCC_OPTIMIZATION_LEVEL = 0;
				GCC_PREPROCESSOR_DEFINITIONS = (
					"DEBUG=1",
					"$(inherited)",
				);
				GCC_WARN_64_TO_32_BIT_CONVERSION = YES;
				GCC_WARN_ABOUT_RETURN_TYPE = YES_ERROR;
				GCC_WARN_UNDECLARED_SELECTOR = YES;
				GCC_WARN_UNINITIALIZED_AUTOS = YES_AGGRESSIVE;
				GCC_WARN_UNUSED_FUNCTION = YES;
				GCC_WARN_UNUSED_VARIABLE = YES;
				IPHONEOS_DEPLOYMENT_TARGET = 15.4;
				MTL_ENABLE_DEBUG_INFO = INCLUDE_SOURCE;
				MTL_FAST_MATH = YES;
				ONLY_ACTIVE_ARCH = YES;
				SDKROOT = iphoneos;
				SWIFT_ACTIVE_COMPILATION_CONDITIONS = DEBUG;
				SWIFT_OPTIMIZATION_LEVEL = "-Onone";
			};
			name = Debug;
		};
		36F29F20280C08A4001AE598 /* Release */ = {
			isa = XCBuildConfiguration;
			buildSettings = {
				ALWAYS_SEARCH_USER_PATHS = NO;
				CLANG_ANALYZER_NONNULL = YES;
				CLANG_ANALYZER_NUMBER_OBJECT_CONVERSION = YES_AGGRESSIVE;
				CLANG_CXX_LANGUAGE_STANDARD = "gnu++17";
				CLANG_ENABLE_MODULES = YES;
				CLANG_ENABLE_OBJC_ARC = YES;
				CLANG_ENABLE_OBJC_WEAK = YES;
				CLANG_WARN_BLOCK_CAPTURE_AUTORELEASING = YES;
				CLANG_WARN_BOOL_CONVERSION = YES;
				CLANG_WARN_COMMA = YES;
				CLANG_WARN_CONSTANT_CONVERSION = YES;
				CLANG_WARN_DEPRECATED_OBJC_IMPLEMENTATIONS = YES;
				CLANG_WARN_DIRECT_OBJC_ISA_USAGE = YES_ERROR;
				CLANG_WARN_DOCUMENTATION_COMMENTS = YES;
				CLANG_WARN_EMPTY_BODY = YES;
				CLANG_WARN_ENUM_CONVERSION = YES;
				CLANG_WARN_INFINITE_RECURSION = YES;
				CLANG_WARN_INT_CONVERSION = YES;
				CLANG_WARN_NON_LITERAL_NULL_CONVERSION = YES;
				CLANG_WARN_OBJC_IMPLICIT_RETAIN_SELF = YES;
				CLANG_WARN_OBJC_LITERAL_CONVERSION = YES;
				CLANG_WARN_OBJC_ROOT_CLASS = YES_ERROR;
				CLANG_WARN_QUOTED_INCLUDE_IN_FRAMEWORK_HEADER = YES;
				CLANG_WARN_RANGE_LOOP_ANALYSIS = YES;
				CLANG_WARN_STRICT_PROTOTYPES = YES;
				CLANG_WARN_SUSPICIOUS_MOVE = YES;
				CLANG_WARN_UNGUARDED_AVAILABILITY = YES_AGGRESSIVE;
				CLANG_WARN_UNREACHABLE_CODE = YES;
				CLANG_WARN__DUPLICATE_METHOD_MATCH = YES;
				COPY_PHASE_STRIP = NO;
				DEBUG_INFORMATION_FORMAT = "dwarf-with-dsym";
				ENABLE_NS_ASSERTIONS = NO;
				ENABLE_STRICT_OBJC_MSGSEND = YES;
				GCC_C_LANGUAGE_STANDARD = gnu11;
				GCC_NO_COMMON_BLOCKS = YES;
				GCC_WARN_64_TO_32_BIT_CONVERSION = YES;
				GCC_WARN_ABOUT_RETURN_TYPE = YES_ERROR;
				GCC_WARN_UNDECLARED_SELECTOR = YES;
				GCC_WARN_UNINITIALIZED_AUTOS = YES_AGGRESSIVE;
				GCC_WARN_UNUSED_FUNCTION = YES;
				GCC_WARN_UNUSED_VARIABLE = YES;
				IPHONEOS_DEPLOYMENT_TARGET = 15.4;
				MTL_ENABLE_DEBUG_INFO = NO;
				MTL_FAST_MATH = YES;
				SDKROOT = iphoneos;
				SWIFT_COMPILATION_MODE = wholemodule;
				SWIFT_OPTIMIZATION_LEVEL = "-O";
				VALIDATE_PRODUCT = YES;
			};
			name = Release;
		};
		36F29F22280C08A4001AE598 /* Debug */ = {
			isa = XCBuildConfiguration;
			buildSettings = {
				ASSETCATALOG_COMPILER_APPICON_NAME = AppIcon;
				ASSETCATALOG_COMPILER_GLOBAL_ACCENT_COLOR_NAME = AccentColor;
				CODE_SIGN_STYLE = Automatic;
				CURRENT_PROJECT_VERSION = 1;
				DEVELOPMENT_ASSET_PATHS = "\"DestinationsTask/Preview Content\"";
				DEVELOPMENT_TEAM = 6Y5B9KT4Y6;
				ENABLE_PREVIEWS = YES;
				GENERATE_INFOPLIST_FILE = YES;
				INFOPLIST_KEY_UIApplicationSceneManifest_Generation = YES;
				INFOPLIST_KEY_UIApplicationSupportsIndirectInputEvents = YES;
				INFOPLIST_KEY_UILaunchScreen_Generation = YES;
				INFOPLIST_KEY_UISupportedInterfaceOrientations_iPad = "UIInterfaceOrientationPortrait UIInterfaceOrientationPortraitUpsideDown UIInterfaceOrientationLandscapeLeft UIInterfaceOrientationLandscapeRight";
				INFOPLIST_KEY_UISupportedInterfaceOrientations_iPhone = "UIInterfaceOrientationPortrait UIInterfaceOrientationLandscapeLeft UIInterfaceOrientationLandscapeRight";
				LD_RUNPATH_SEARCH_PATHS = (
					"$(inherited)",
					"@executable_path/Frameworks",
				);
				MARKETING_VERSION = 1.0;
				PRODUCT_BUNDLE_IDENTIFIER = ru.redetection.kiwicom.DestinationsTask;
				PRODUCT_NAME = "$(TARGET_NAME)";
				SWIFT_EMIT_LOC_STRINGS = YES;
				SWIFT_VERSION = 5.0;
				TARGETED_DEVICE_FAMILY = "1,2";
			};
			name = Debug;
		};
		36F29F23280C08A4001AE598 /* Release */ = {
			isa = XCBuildConfiguration;
			buildSettings = {
				ASSETCATALOG_COMPILER_APPICON_NAME = AppIcon;
				ASSETCATALOG_COMPILER_GLOBAL_ACCENT_COLOR_NAME = AccentColor;
				CODE_SIGN_STYLE = Automatic;
				CURRENT_PROJECT_VERSION = 1;
				DEVELOPMENT_ASSET_PATHS = "\"DestinationsTask/Preview Content\"";
				DEVELOPMENT_TEAM = 6Y5B9KT4Y6;
				ENABLE_PREVIEWS = YES;
				GENERATE_INFOPLIST_FILE = YES;
				INFOPLIST_KEY_UIApplicationSceneManifest_Generation = YES;
				INFOPLIST_KEY_UIApplicationSupportsIndirectInputEvents = YES;
				INFOPLIST_KEY_UILaunchScreen_Generation = YES;
				INFOPLIST_KEY_UISupportedInterfaceOrientations_iPad = "UIInterfaceOrientationPortrait UIInterfaceOrientationPortraitUpsideDown UIInterfaceOrientationLandscapeLeft UIInterfaceOrientationLandscapeRight";
				INFOPLIST_KEY_UISupportedInterfaceOrientations_iPhone = "UIInterfaceOrientationPortrait UIInterfaceOrientationLandscapeLeft UIInterfaceOrientationLandscapeRight";
				LD_RUNPATH_SEARCH_PATHS = (
					"$(inherited)",
					"@executable_path/Frameworks",
				);
				MARKETING_VERSION = 1.0;
				PRODUCT_BUNDLE_IDENTIFIER = ru.redetection.kiwicom.DestinationsTask;
				PRODUCT_NAME = "$(TARGET_NAME)";
				SWIFT_EMIT_LOC_STRINGS = YES;
				SWIFT_VERSION = 5.0;
				TARGETED_DEVICE_FAMILY = "1,2";
			};
			name = Release;
		};
		36F29F25280C08A4001AE598 /* Debug */ = {
			isa = XCBuildConfiguration;
			buildSettings = {
				ALWAYS_EMBED_SWIFT_STANDARD_LIBRARIES = YES;
				BUNDLE_LOADER = "$(TEST_HOST)";
				CODE_SIGN_STYLE = Automatic;
				CURRENT_PROJECT_VERSION = 1;
				DEVELOPMENT_TEAM = 6Y5B9KT4Y6;
				GENERATE_INFOPLIST_FILE = YES;
				IPHONEOS_DEPLOYMENT_TARGET = 15.4;
				MARKETING_VERSION = 1.0;
				PRODUCT_BUNDLE_IDENTIFIER = ru.redetection.kiwicom.DestinationsTaskTests;
				PRODUCT_NAME = "$(TARGET_NAME)";
				SWIFT_EMIT_LOC_STRINGS = NO;
				SWIFT_VERSION = 5.0;
				TARGETED_DEVICE_FAMILY = "1,2";
				TEST_HOST = "$(BUILT_PRODUCTS_DIR)/DestinationsTask.app/DestinationsTask";
			};
			name = Debug;
		};
		36F29F26280C08A4001AE598 /* Release */ = {
			isa = XCBuildConfiguration;
			buildSettings = {
				ALWAYS_EMBED_SWIFT_STANDARD_LIBRARIES = YES;
				BUNDLE_LOADER = "$(TEST_HOST)";
				CODE_SIGN_STYLE = Automatic;
				CURRENT_PROJECT_VERSION = 1;
				DEVELOPMENT_TEAM = 6Y5B9KT4Y6;
				GENERATE_INFOPLIST_FILE = YES;
				IPHONEOS_DEPLOYMENT_TARGET = 15.4;
				MARKETING_VERSION = 1.0;
				PRODUCT_BUNDLE_IDENTIFIER = ru.redetection.kiwicom.DestinationsTaskTests;
				PRODUCT_NAME = "$(TARGET_NAME)";
				SWIFT_EMIT_LOC_STRINGS = NO;
				SWIFT_VERSION = 5.0;
				TARGETED_DEVICE_FAMILY = "1,2";
				TEST_HOST = "$(BUILT_PRODUCTS_DIR)/DestinationsTask.app/DestinationsTask";
			};
			name = Release;
		};
/* End XCBuildConfiguration section */

/* Begin XCConfigurationList section */
		36F29EF8280C08A3001AE598 /* Build configuration list for PBXProject "DestinationsTask" */ = {
			isa = XCConfigurationList;
			buildConfigurations = (
				36F29F1F280C08A4001AE598 /* Debug */,
				36F29F20280C08A4001AE598 /* Release */,
			);
			defaultConfigurationIsVisible = 0;
			defaultConfigurationName = Release;
		};
		36F29F21280C08A4001AE598 /* Build configuration list for PBXNativeTarget "DestinationsTask" */ = {
			isa = XCConfigurationList;
			buildConfigurations = (
				36F29F22280C08A4001AE598 /* Debug */,
				36F29F23280C08A4001AE598 /* Release */,
			);
			defaultConfigurationIsVisible = 0;
			defaultConfigurationName = Release;
		};
		36F29F24280C08A4001AE598 /* Build configuration list for PBXNativeTarget "DestinationsTaskTests" */ = {
			isa = XCConfigurationList;
			buildConfigurations = (
				36F29F25280C08A4001AE598 /* Debug */,
				36F29F26280C08A4001AE598 /* Release */,
			);
			defaultConfigurationIsVisible = 0;
			defaultConfigurationName = Release;
		};
/* End XCConfigurationList section */
	};
	rootObject = 36F29EF5280C08A3001AE598 /* Project object */;
}
